{
  "name": "camino",
  "lockfileVersion": 3,
  "requires": true,
  "packages": {
    "": {
      "devDependencies": {
        "zx": "^8.5.3"
      }
    },
    "node_modules/zx": {
      "version": "8.5.3",
      "resolved": "https://registry.npmjs.org/zx/-/zx-8.5.3.tgz",
      "integrity": "sha512-TsGLAt8Ngr4wDXLZmN9BT+6FWVLFbqdQ0qpXkV3tIfH7F+MgN/WUeSY7W4nNqAntjWunmnRaznpyxtJRPhCbUQ==",
      "dev": true,
      "license": "Apache-2.0",
      "bin": {
        "zx": "build/cli.js"
      },
      "engines": {
        "node": ">= 12.17.0"
      }
    }
  }
}
